// !$*UTF8*$!
{
	archiveVersion = 1;
	classes = {
	};
	objectVersion = 56;
	objects = {

/* Begin PBXBuildFile section */
		0C896286297B1D9D0033D01D /* HungryKarenApp.swift in Sources */ = {isa = PBXBuildFile; fileRef = 0C896285297B1D9D0033D01D /* HungryKarenApp.swift */; };
		0C896288297B1D9D0033D01D /* SplashView.swift in Sources */ = {isa = PBXBuildFile; fileRef = 0C896287297B1D9D0033D01D /* SplashView.swift */; };
		0C89628A297B1D9F0033D01D /* Assets.xcassets in Resources */ = {isa = PBXBuildFile; fileRef = 0C896289297B1D9F0033D01D /* Assets.xcassets */; };
		0C89628D297B1D9F0033D01D /* Preview Assets.xcassets in Resources */ = {isa = PBXBuildFile; fileRef = 0C89628C297B1D9F0033D01D /* Preview Assets.xcassets */; };
		0CBDDBD8297D508100961BB6 /* Routes.swift in Sources */ = {isa = PBXBuildFile; fileRef = 0CBDDBD7297D508100961BB6 /* Routes.swift */; };
		0CCAF4FA297C0E3A00F74951 /* StartView.swift in Sources */ = {isa = PBXBuildFile; fileRef = 0CCAF4F9297C0E3A00F74951 /* StartView.swift */; };
		0CCAF4FC297C1D1400F74951 /* HKButtonFrameView.swift in Sources */ = {isa = PBXBuildFile; fileRef = 0CCAF4FB297C1D1400F74951 /* HKButtonFrameView.swift */; };
		0CCAF4FE297C1FD800F74951 /* SignInVIew.swift in Sources */ = {isa = PBXBuildFile; fileRef = 0CCAF4FD297C1FD800F74951 /* SignInVIew.swift */; };
		0CCAF500297C24BF00F74951 /* HKBackgroundRoundRectView.swift in Sources */ = {isa = PBXBuildFile; fileRef = 0CCAF4FF297C24BF00F74951 /* HKBackgroundRoundRectView.swift */; };
		0CCAF502297C2AED00F74951 /* HKTextFieldView.swift in Sources */ = {isa = PBXBuildFile; fileRef = 0CCAF501297C2AED00F74951 /* HKTextFieldView.swift */; };
		0CCAF504297C3DF800F74951 /* SignUpView.swift in Sources */ = {isa = PBXBuildFile; fileRef = 0CCAF503297C3DF800F74951 /* SignUpView.swift */; };
		0CCAF506297C451500F74951 /* ForgotPasswordView.swift in Sources */ = {isa = PBXBuildFile; fileRef = 0CCAF505297C451500F74951 /* ForgotPasswordView.swift */; };
		0CCAF50B297C5D8500F74951 /* FirebaseAuth in Frameworks */ = {isa = PBXBuildFile; productRef = 0CCAF50A297C5D8500F74951 /* FirebaseAuth */; };
		0CCAF50D297C5D8500F74951 /* FirebaseFirestore in Frameworks */ = {isa = PBXBuildFile; productRef = 0CCAF50C297C5D8500F74951 /* FirebaseFirestore */; };
		0CCAF50F297C5D8500F74951 /* FirebaseFirestoreSwift in Frameworks */ = {isa = PBXBuildFile; productRef = 0CCAF50E297C5D8500F74951 /* FirebaseFirestoreSwift */; };
		0CCAF511297C5D8500F74951 /* FirebaseStorage in Frameworks */ = {isa = PBXBuildFile; productRef = 0CCAF510297C5D8500F74951 /* FirebaseStorage */; };
		0CCAF514297C5F0200F74951 /* GoogleService-Info.plist in Resources */ = {isa = PBXBuildFile; fileRef = 0CCAF513297C5F0200F74951 /* GoogleService-Info.plist */; };
		0CCAF517297C662B00F74951 /* AuthenticationRepository.swift in Sources */ = {isa = PBXBuildFile; fileRef = 0CCAF516297C662B00F74951 /* AuthenticationRepository.swift */; };
		0CCAF519297C66FF00F74951 /* AuthenticationViewModel.swift in Sources */ = {isa = PBXBuildFile; fileRef = 0CCAF518297C66FF00F74951 /* AuthenticationViewModel.swift */; };
		0CCAF51D297C6EBA00F74951 /* HomeView.swift in Sources */ = {isa = PBXBuildFile; fileRef = 0CCAF51C297C6EBA00F74951 /* HomeView.swift */; };
		0CE2B51F297B276400194236 /* Colors.swift in Sources */ = {isa = PBXBuildFile; fileRef = 0CE2B51E297B276400194236 /* Colors.swift */; };
		0CE2B521297B38FD00194236 /* HKBackgroundCanvasView.swift in Sources */ = {isa = PBXBuildFile; fileRef = 0CE2B520297B38FD00194236 /* HKBackgroundCanvasView.swift */; };
/* End PBXBuildFile section */

/* Begin PBXFileReference section */
		0C896282297B1D9D0033D01D /* HungryKaren.app */ = {isa = PBXFileReference; explicitFileType = wrapper.application; includeInIndex = 0; path = HungryKaren.app; sourceTree = BUILT_PRODUCTS_DIR; };
		0C896285297B1D9D0033D01D /* HungryKarenApp.swift */ = {isa = PBXFileReference; lastKnownFileType = sourcecode.swift; path = HungryKarenApp.swift; sourceTree = "<group>"; };
		0C896287297B1D9D0033D01D /* SplashView.swift */ = {isa = PBXFileReference; lastKnownFileType = sourcecode.swift; path = SplashView.swift; sourceTree = "<group>"; };
		0C896289297B1D9F0033D01D /* Assets.xcassets */ = {isa = PBXFileReference; lastKnownFileType = folder.assetcatalog; path = Assets.xcassets; sourceTree = "<group>"; };
		0C89628C297B1D9F0033D01D /* Preview Assets.xcassets */ = {isa = PBXFileReference; lastKnownFileType = folder.assetcatalog; path = "Preview Assets.xcassets"; sourceTree = "<group>"; };
		0CBDDBD7297D508100961BB6 /* Routes.swift */ = {isa = PBXFileReference; lastKnownFileType = sourcecode.swift; path = Routes.swift; sourceTree = "<group>"; };
		0CCAF4F9297C0E3A00F74951 /* StartView.swift */ = {isa = PBXFileReference; lastKnownFileType = sourcecode.swift; path = StartView.swift; sourceTree = "<group>"; };
		0CCAF4FB297C1D1400F74951 /* HKButtonFrameView.swift */ = {isa = PBXFileReference; lastKnownFileType = sourcecode.swift; path = HKButtonFrameView.swift; sourceTree = "<group>"; };
		0CCAF4FD297C1FD800F74951 /* SignInVIew.swift */ = {isa = PBXFileReference; lastKnownFileType = sourcecode.swift; path = SignInVIew.swift; sourceTree = "<group>"; };
		0CCAF4FF297C24BF00F74951 /* HKBackgroundRoundRectView.swift */ = {isa = PBXFileReference; lastKnownFileType = sourcecode.swift; path = HKBackgroundRoundRectView.swift; sourceTree = "<group>"; };
		0CCAF501297C2AED00F74951 /* HKTextFieldView.swift */ = {isa = PBXFileReference; lastKnownFileType = sourcecode.swift; path = HKTextFieldView.swift; sourceTree = "<group>"; };
		0CCAF503297C3DF800F74951 /* SignUpView.swift */ = {isa = PBXFileReference; lastKnownFileType = sourcecode.swift; path = SignUpView.swift; sourceTree = "<group>"; };
		0CCAF505297C451500F74951 /* ForgotPasswordView.swift */ = {isa = PBXFileReference; lastKnownFileType = sourcecode.swift; path = ForgotPasswordView.swift; sourceTree = "<group>"; };
		0CCAF513297C5F0200F74951 /* GoogleService-Info.plist */ = {isa = PBXFileReference; fileEncoding = 4; lastKnownFileType = text.plist.xml; path = "GoogleService-Info.plist"; sourceTree = "<group>"; };
		0CCAF516297C662B00F74951 /* AuthenticationRepository.swift */ = {isa = PBXFileReference; lastKnownFileType = sourcecode.swift; path = AuthenticationRepository.swift; sourceTree = "<group>"; };
		0CCAF518297C66FF00F74951 /* AuthenticationViewModel.swift */ = {isa = PBXFileReference; lastKnownFileType = sourcecode.swift; path = AuthenticationViewModel.swift; sourceTree = "<group>"; };
		0CCAF51C297C6EBA00F74951 /* HomeView.swift */ = {isa = PBXFileReference; lastKnownFileType = sourcecode.swift; path = HomeView.swift; sourceTree = "<group>"; };
		0CE2B51E297B276400194236 /* Colors.swift */ = {isa = PBXFileReference; lastKnownFileType = sourcecode.swift; path = Colors.swift; sourceTree = "<group>"; };
		0CE2B520297B38FD00194236 /* HKBackgroundCanvasView.swift */ = {isa = PBXFileReference; lastKnownFileType = sourcecode.swift; path = HKBackgroundCanvasView.swift; sourceTree = "<group>"; };
/* End PBXFileReference section */

/* Begin PBXFrameworksBuildPhase section */
		0C89627F297B1D9D0033D01D /* Frameworks */ = {
			isa = PBXFrameworksBuildPhase;
			buildActionMask = 2147483647;
			files = (
				0CCAF50B297C5D8500F74951 /* FirebaseAuth in Frameworks */,
				0CCAF511297C5D8500F74951 /* FirebaseStorage in Frameworks */,
				0CCAF50D297C5D8500F74951 /* FirebaseFirestore in Frameworks */,
				0CCAF50F297C5D8500F74951 /* FirebaseFirestoreSwift in Frameworks */,
			);
			runOnlyForDeploymentPostprocessing = 0;
		};
/* End PBXFrameworksBuildPhase section */

/* Begin PBXGroup section */
		0C896279297B1D9D0033D01D = {
			isa = PBXGroup;
			children = (
				0C896284297B1D9D0033D01D /* HungryKaren */,
				0C896283297B1D9D0033D01D /* Products */,
			);
			sourceTree = "<group>";
		};
		0C896283297B1D9D0033D01D /* Products */ = {
			isa = PBXGroup;
			children = (
				0C896282297B1D9D0033D01D /* HungryKaren.app */,
			);
			name = Products;
			sourceTree = "<group>";
		};
		0C896284297B1D9D0033D01D /* HungryKaren */ = {
			isa = PBXGroup;
			children = (
				0C896285297B1D9D0033D01D /* HungryKarenApp.swift */,
				0CCAF515297C660400F74951 /* Repositories */,
				0CE2B51B297B240200194236 /* Features */,
				0CE2B51A297B239E00194236 /* Model */,
				0CE2B519297B238100194236 /* Utils */,
				0C896289297B1D9F0033D01D /* Assets.xcassets */,
				0CCAF513297C5F0200F74951 /* GoogleService-Info.plist */,
				0C89628B297B1D9F0033D01D /* Preview Content */,
			);
			path = HungryKaren;
			sourceTree = "<group>";
		};
		0C89628B297B1D9F0033D01D /* Preview Content */ = {
			isa = PBXGroup;
			children = (
				0C89628C297B1D9F0033D01D /* Preview Assets.xcassets */,
			);
			path = "Preview Content";
			sourceTree = "<group>";
		};
		0CCAF4F5297C0CDD00F74951 /* SignIn */ = {
			isa = PBXGroup;
			children = (
				0CCAF4FD297C1FD800F74951 /* SignInVIew.swift */,
			);
			path = SignIn;
			sourceTree = "<group>";
		};
		0CCAF4F6297C0CE800F74951 /* SignUp */ = {
			isa = PBXGroup;
			children = (
				0CCAF503297C3DF800F74951 /* SignUpView.swift */,
			);
			path = SignUp;
			sourceTree = "<group>";
		};
		0CCAF4F7297C0D1400F74951 /* Startup */ = {
			isa = PBXGroup;
			children = (
				0C896287297B1D9D0033D01D /* SplashView.swift */,
				0CCAF4F9297C0E3A00F74951 /* StartView.swift */,
			);
			path = Startup;
			sourceTree = "<group>";
		};
		0CCAF4F8297C0D2D00F74951 /* ForgotPassword */ = {
			isa = PBXGroup;
			children = (
				0CCAF505297C451500F74951 /* ForgotPasswordView.swift */,
			);
			path = ForgotPassword;
			sourceTree = "<group>";
		};
		0CCAF515297C660400F74951 /* Repositories */ = {
			isa = PBXGroup;
			children = (
				0CCAF516297C662B00F74951 /* AuthenticationRepository.swift */,
			);
			path = Repositories;
			sourceTree = "<group>";
		};
		0CCAF51A297C6E9F00F74951 /* Recipes */ = {
			isa = PBXGroup;
			children = (
				0CCAF51B297C6EA900F74951 /* Home */,
			);
			path = Recipes;
			sourceTree = "<group>";
		};
		0CCAF51B297C6EA900F74951 /* Home */ = {
			isa = PBXGroup;
			children = (
				0CCAF51C297C6EBA00F74951 /* HomeView.swift */,
			);
			path = Home;
			sourceTree = "<group>";
		};
		0CE2B519297B238100194236 /* Utils */ = {
			isa = PBXGroup;
			children = (
				0CE2B51E297B276400194236 /* Colors.swift */,
				0CBDDBD7297D508100961BB6 /* Routes.swift */,
			);
			path = Utils;
			sourceTree = "<group>";
		};
		0CE2B51A297B239E00194236 /* Model */ = {
			isa = PBXGroup;
			children = (
			);
			path = Model;
			sourceTree = "<group>";
		};
		0CE2B51B297B240200194236 /* Features */ = {
			isa = PBXGroup;
			children = (
				0CE2B51D297B253000194236 /* Authentication */,
				0CCAF51A297C6E9F00F74951 /* Recipes */,
				0CE2B51C297B243600194236 /* Components */,
			);
			path = Features;
			sourceTree = "<group>";
		};
		0CE2B51C297B243600194236 /* Components */ = {
			isa = PBXGroup;
			children = (
				0CE2B520297B38FD00194236 /* HKBackgroundCanvasView.swift */,
				0CCAF4FB297C1D1400F74951 /* HKButtonFrameView.swift */,
				0CCAF4FF297C24BF00F74951 /* HKBackgroundRoundRectView.swift */,
				0CCAF501297C2AED00F74951 /* HKTextFieldView.swift */,
			);
			path = Components;
			sourceTree = "<group>";
		};
		0CE2B51D297B253000194236 /* Authentication */ = {
			isa = PBXGroup;
			children = (
				0CCAF518297C66FF00F74951 /* AuthenticationViewModel.swift */,
				0CCAF4F7297C0D1400F74951 /* Startup */,
				0CCAF4F5297C0CDD00F74951 /* SignIn */,
				0CCAF4F6297C0CE800F74951 /* SignUp */,
				0CCAF4F8297C0D2D00F74951 /* ForgotPassword */,
			);
			path = Authentication;
			sourceTree = "<group>";
		};
/* End PBXGroup section */

/* Begin PBXNativeTarget section */
		0C896281297B1D9D0033D01D /* HungryKaren */ = {
			isa = PBXNativeTarget;
			buildConfigurationList = 0C896290297B1D9F0033D01D /* Build configuration list for PBXNativeTarget "HungryKaren" */;
			buildPhases = (
				0C89627E297B1D9D0033D01D /* Sources */,
				0C89627F297B1D9D0033D01D /* Frameworks */,
				0C896280297B1D9D0033D01D /* Resources */,
			);
			buildRules = (
			);
			dependencies = (
			);
			name = HungryKaren;
			packageProductDependencies = (
				0CCAF50A297C5D8500F74951 /* FirebaseAuth */,
				0CCAF50C297C5D8500F74951 /* FirebaseFirestore */,
				0CCAF50E297C5D8500F74951 /* FirebaseFirestoreSwift */,
				0CCAF510297C5D8500F74951 /* FirebaseStorage */,
			);
			productName = HungryKaren;
			productReference = 0C896282297B1D9D0033D01D /* HungryKaren.app */;
			productType = "com.apple.product-type.application";
		};
/* End PBXNativeTarget section */

/* Begin PBXProject section */
		0C89627A297B1D9D0033D01D /* Project object */ = {
			isa = PBXProject;
			attributes = {
				BuildIndependentTargetsInParallel = 1;
				LastSwiftUpdateCheck = 1420;
				LastUpgradeCheck = 1420;
				TargetAttributes = {
					0C896281297B1D9D0033D01D = {
						CreatedOnToolsVersion = 14.2;
					};
				};
			};
			buildConfigurationList = 0C89627D297B1D9D0033D01D /* Build configuration list for PBXProject "HungryKaren" */;
			compatibilityVersion = "Xcode 14.0";
			developmentRegion = en;
			hasScannedForEncodings = 0;
			knownRegions = (
				en,
				Base,
			);
			mainGroup = 0C896279297B1D9D0033D01D;
			packageReferences = (
				0CCAF509297C5D8500F74951 /* XCRemoteSwiftPackageReference "firebase-ios-sdk" */,
			);
			productRefGroup = 0C896283297B1D9D0033D01D /* Products */;
			projectDirPath = "";
			projectRoot = "";
			targets = (
				0C896281297B1D9D0033D01D /* HungryKaren */,
			);
		};
/* End PBXProject section */

/* Begin PBXResourcesBuildPhase section */
		0C896280297B1D9D0033D01D /* Resources */ = {
			isa = PBXResourcesBuildPhase;
			buildActionMask = 2147483647;
			files = (
				0C89628D297B1D9F0033D01D /* Preview Assets.xcassets in Resources */,
				0C89628A297B1D9F0033D01D /* Assets.xcassets in Resources */,
				0CCAF514297C5F0200F74951 /* GoogleService-Info.plist in Resources */,
			);
			runOnlyForDeploymentPostprocessing = 0;
		};
/* End PBXResourcesBuildPhase section */

/* Begin PBXSourcesBuildPhase section */
		0C89627E297B1D9D0033D01D /* Sources */ = {
			isa = PBXSourcesBuildPhase;
			buildActionMask = 2147483647;
			files = (
				0CCAF519297C66FF00F74951 /* AuthenticationViewModel.swift in Sources */,
				0CCAF51D297C6EBA00F74951 /* HomeView.swift in Sources */,
				0CE2B521297B38FD00194236 /* HKBackgroundCanvasView.swift in Sources */,
				0CCAF506297C451500F74951 /* ForgotPasswordView.swift in Sources */,
				0CBDDBD8297D508100961BB6 /* Routes.swift in Sources */,
				0CCAF500297C24BF00F74951 /* HKBackgroundRoundRectView.swift in Sources */,
				0CCAF4FA297C0E3A00F74951 /* StartView.swift in Sources */,
				0CCAF4FE297C1FD800F74951 /* SignInVIew.swift in Sources */,
				0C896288297B1D9D0033D01D /* SplashView.swift in Sources */,
				0CE2B51F297B276400194236 /* Colors.swift in Sources */,
				0CCAF504297C3DF800F74951 /* SignUpView.swift in Sources */,
				0CCAF502297C2AED00F74951 /* HKTextFieldView.swift in Sources */,
				0CCAF517297C662B00F74951 /* AuthenticationRepository.swift in Sources */,
				0CCAF4FC297C1D1400F74951 /* HKButtonFrameView.swift in Sources */,
				0C896286297B1D9D0033D01D /* HungryKarenApp.swift in Sources */,
			);
			runOnlyForDeploymentPostprocessing = 0;
		};
/* End PBXSourcesBuildPhase section */

/* Begin XCBuildConfiguration section */
		0C89628E297B1D9F0033D01D /* Debug */ = {
			isa = XCBuildConfiguration;
			buildSettings = {
				ALWAYS_SEARCH_USER_PATHS = NO;
				CLANG_ANALYZER_NONNULL = YES;
				CLANG_ANALYZER_NUMBER_OBJECT_CONVERSION = YES_AGGRESSIVE;
				CLANG_CXX_LANGUAGE_STANDARD = "gnu++20";
				CLANG_ENABLE_MODULES = YES;
				CLANG_ENABLE_OBJC_ARC = YES;
				CLANG_ENABLE_OBJC_WEAK = YES;
				CLANG_WARN_BLOCK_CAPTURE_AUTORELEASING = YES;
				CLANG_WARN_BOOL_CONVERSION = YES;
				CLANG_WARN_COMMA = YES;
				CLANG_WARN_CONSTANT_CONVERSION = YES;
				CLANG_WARN_DEPRECATED_OBJC_IMPLEMENTATIONS = YES;
				CLANG_WARN_DIRECT_OBJC_ISA_USAGE = YES_ERROR;
				CLANG_WARN_DOCUMENTATION_COMMENTS = YES;
				CLANG_WARN_EMPTY_BODY = YES;
				CLANG_WARN_ENUM_CONVERSION = YES;
				CLANG_WARN_INFINITE_RECURSION = YES;
				CLANG_WARN_INT_CONVERSION = YES;
				CLANG_WARN_NON_LITERAL_NULL_CONVERSION = YES;
				CLANG_WARN_OBJC_IMPLICIT_RETAIN_SELF = YES;
				CLANG_WARN_OBJC_LITERAL_CONVERSION = YES;
				CLANG_WARN_OBJC_ROOT_CLASS = YES_ERROR;
				CLANG_WARN_QUOTED_INCLUDE_IN_FRAMEWORK_HEADER = YES;
				CLANG_WARN_RANGE_LOOP_ANALYSIS = YES;
				CLANG_WARN_STRICT_PROTOTYPES = YES;
				CLANG_WARN_SUSPICIOUS_MOVE = YES;
				CLANG_WARN_UNGUARDED_AVAILABILITY = YES_AGGRESSIVE;
				CLANG_WARN_UNREACHABLE_CODE = YES;
				CLANG_WARN__DUPLICATE_METHOD_MATCH = YES;
				COPY_PHASE_STRIP = NO;
				DEBUG_INFORMATION_FORMAT = dwarf;
				ENABLE_STRICT_OBJC_MSGSEND = YES;
				ENABLE_TESTABILITY = YES;
				GCC_C_LANGUAGE_STANDARD = gnu11;
				GCC_DYNAMIC_NO_PIC = NO;
				GCC_NO_COMMON_BLOCKS = YES;
				GCC_OPTIMIZATION_LEVEL = 0;
				GCC_PREPROCESSOR_DEFINITIONS = (
					"DEBUG=1",
					"$(inherited)",
				);
				GCC_WARN_64_TO_32_BIT_CONVERSION = YES;
				GCC_WARN_ABOUT_RETURN_TYPE = YES_ERROR;
				GCC_WARN_UNDECLARED_SELECTOR = YES;
				GCC_WARN_UNINITIALIZED_AUTOS = YES_AGGRESSIVE;
				GCC_WARN_UNUSED_FUNCTION = YES;
				GCC_WARN_UNUSED_VARIABLE = YES;
				IPHONEOS_DEPLOYMENT_TARGET = 16.2;
				MTL_ENABLE_DEBUG_INFO = INCLUDE_SOURCE;
				MTL_FAST_MATH = YES;
				ONLY_ACTIVE_ARCH = YES;
				SDKROOT = iphoneos;
				SWIFT_ACTIVE_COMPILATION_CONDITIONS = DEBUG;
				SWIFT_OPTIMIZATION_LEVEL = "-Onone";
			};
			name = Debug;
		};
		0C89628F297B1D9F0033D01D /* Release */ = {
			isa = XCBuildConfiguration;
			buildSettings = {
				ALWAYS_SEARCH_USER_PATHS = NO;
				CLANG_ANALYZER_NONNULL = YES;
				CLANG_ANALYZER_NUMBER_OBJECT_CONVERSION = YES_AGGRESSIVE;
				CLANG_CXX_LANGUAGE_STANDARD = "gnu++20";
				CLANG_ENABLE_MODULES = YES;
				CLANG_ENABLE_OBJC_ARC = YES;
				CLANG_ENABLE_OBJC_WEAK = YES;
				CLANG_WARN_BLOCK_CAPTURE_AUTORELEASING = YES;
				CLANG_WARN_BOOL_CONVERSION = YES;
				CLANG_WARN_COMMA = YES;
				CLANG_WARN_CONSTANT_CONVERSION = YES;
				CLANG_WARN_DEPRECATED_OBJC_IMPLEMENTATIONS = YES;
				CLANG_WARN_DIRECT_OBJC_ISA_USAGE = YES_ERROR;
				CLANG_WARN_DOCUMENTATION_COMMENTS = YES;
				CLANG_WARN_EMPTY_BODY = YES;
				CLANG_WARN_ENUM_CONVERSION = YES;
				CLANG_WARN_INFINITE_RECURSION = YES;
				CLANG_WARN_INT_CONVERSION = YES;
				CLANG_WARN_NON_LITERAL_NULL_CONVERSION = YES;
				CLANG_WARN_OBJC_IMPLICIT_RETAIN_SELF = YES;
				CLANG_WARN_OBJC_LITERAL_CONVERSION = YES;
				CLANG_WARN_OBJC_ROOT_CLASS = YES_ERROR;
				CLANG_WARN_QUOTED_INCLUDE_IN_FRAMEWORK_HEADER = YES;
				CLANG_WARN_RANGE_LOOP_ANALYSIS = YES;
				CLANG_WARN_STRICT_PROTOTYPES = YES;
				CLANG_WARN_SUSPICIOUS_MOVE = YES;
				CLANG_WARN_UNGUARDED_AVAILABILITY = YES_AGGRESSIVE;
				CLANG_WARN_UNREACHABLE_CODE = YES;
				CLANG_WARN__DUPLICATE_METHOD_MATCH = YES;
				COPY_PHASE_STRIP = NO;
				DEBUG_INFORMATION_FORMAT = "dwarf-with-dsym";
				ENABLE_NS_ASSERTIONS = NO;
				ENABLE_STRICT_OBJC_MSGSEND = YES;
				GCC_C_LANGUAGE_STANDARD = gnu11;
				GCC_NO_COMMON_BLOCKS = YES;
				GCC_WARN_64_TO_32_BIT_CONVERSION = YES;
				GCC_WARN_ABOUT_RETURN_TYPE = YES_ERROR;
				GCC_WARN_UNDECLARED_SELECTOR = YES;
				GCC_WARN_UNINITIALIZED_AUTOS = YES_AGGRESSIVE;
				GCC_WARN_UNUSED_FUNCTION = YES;
				GCC_WARN_UNUSED_VARIABLE = YES;
				IPHONEOS_DEPLOYMENT_TARGET = 16.2;
				MTL_ENABLE_DEBUG_INFO = NO;
				MTL_FAST_MATH = YES;
				SDKROOT = iphoneos;
				SWIFT_COMPILATION_MODE = wholemodule;
				SWIFT_OPTIMIZATION_LEVEL = "-O";
				VALIDATE_PRODUCT = YES;
			};
			name = Release;
		};
		0C896291297B1D9F0033D01D /* Debug */ = {
			isa = XCBuildConfiguration;
			buildSettings = {
				ASSETCATALOG_COMPILER_APPICON_NAME = AppIcon;
				ASSETCATALOG_COMPILER_GLOBAL_ACCENT_COLOR_NAME = AccentColor;
				CODE_SIGN_STYLE = Automatic;
				CURRENT_PROJECT_VERSION = 1;
				DEVELOPMENT_ASSET_PATHS = "\"HungryKaren/Preview Content\"";
				ENABLE_PREVIEWS = YES;
				GENERATE_INFOPLIST_FILE = YES;
				INFOPLIST_KEY_UIApplicationSceneManifest_Generation = YES;
				INFOPLIST_KEY_UIApplicationSupportsIndirectInputEvents = YES;
				INFOPLIST_KEY_UILaunchScreen_Generation = YES;
				INFOPLIST_KEY_UISupportedInterfaceOrientations_iPad = "UIInterfaceOrientationPortrait UIInterfaceOrientationPortraitUpsideDown UIInterfaceOrientationLandscapeLeft UIInterfaceOrientationLandscapeRight";
				INFOPLIST_KEY_UISupportedInterfaceOrientations_iPhone = "UIInterfaceOrientationPortrait UIInterfaceOrientationLandscapeLeft UIInterfaceOrientationLandscapeRight";
				LD_RUNPATH_SEARCH_PATHS = (
					"$(inherited)",
					"@executable_path/Frameworks",
				);
				MARKETING_VERSION = 1.0;
				PRODUCT_BUNDLE_IDENTIFIER = "com.krygo-dev.HungryKaren";
				PRODUCT_NAME = "$(TARGET_NAME)";
				SWIFT_EMIT_LOC_STRINGS = YES;
				SWIFT_VERSION = 5.0;
				TARGETED_DEVICE_FAMILY = "1,2";
			};
			name = Debug;
		};
		0C896292297B1D9F0033D01D /* Release */ = {
			isa = XCBuildConfiguration;
			buildSettings = {
				ASSETCATALOG_COMPILER_APPICON_NAME = AppIcon;
				ASSETCATALOG_COMPILER_GLOBAL_ACCENT_COLOR_NAME = AccentColor;
				CODE_SIGN_STYLE = Automatic;
				CURRENT_PROJECT_VERSION = 1;
				DEVELOPMENT_ASSET_PATHS = "\"HungryKaren/Preview Content\"";
				ENABLE_PREVIEWS = YES;
				GENERATE_INFOPLIST_FILE = YES;
				INFOPLIST_KEY_UIApplicationSceneManifest_Generation = YES;
				INFOPLIST_KEY_UIApplicationSupportsIndirectInputEvents = YES;
				INFOPLIST_KEY_UILaunchScreen_Generation = YES;
				INFOPLIST_KEY_UISupportedInterfaceOrientations_iPad = "UIInterfaceOrientationPortrait UIInterfaceOrientationPortraitUpsideDown UIInterfaceOrientationLandscapeLeft UIInterfaceOrientationLandscapeRight";
				INFOPLIST_KEY_UISupportedInterfaceOrientations_iPhone = "UIInterfaceOrientationPortrait UIInterfaceOrientationLandscapeLeft UIInterfaceOrientationLandscapeRight";
				LD_RUNPATH_SEARCH_PATHS = (
					"$(inherited)",
					"@executable_path/Frameworks",
				);
				MARKETING_VERSION = 1.0;
				PRODUCT_BUNDLE_IDENTIFIER = "com.krygo-dev.HungryKaren";
				PRODUCT_NAME = "$(TARGET_NAME)";
				SWIFT_EMIT_LOC_STRINGS = YES;
				SWIFT_VERSION = 5.0;
				TARGETED_DEVICE_FAMILY = "1,2";
			};
			name = Release;
		};
/* End XCBuildConfiguration section */

/* Begin XCConfigurationList section */
		0C89627D297B1D9D0033D01D /* Build configuration list for PBXProject "HungryKaren" */ = {
			isa = XCConfigurationList;
			buildConfigurations = (
				0C89628E297B1D9F0033D01D /* Debug */,
				0C89628F297B1D9F0033D01D /* Release */,
			);
			defaultConfigurationIsVisible = 0;
			defaultConfigurationName = Release;
		};
		0C896290297B1D9F0033D01D /* Build configuration list for PBXNativeTarget "HungryKaren" */ = {
			isa = XCConfigurationList;
			buildConfigurations = (
				0C896291297B1D9F0033D01D /* Debug */,
				0C896292297B1D9F0033D01D /* Release */,
			);
			defaultConfigurationIsVisible = 0;
			defaultConfigurationName = Release;
		};
/* End XCConfigurationList section */

/* Begin XCRemoteSwiftPackageReference section */
		0CCAF509297C5D8500F74951 /* XCRemoteSwiftPackageReference "firebase-ios-sdk" */ = {
			isa = XCRemoteSwiftPackageReference;
			repositoryURL = "https://github.com/firebase/firebase-ios-sdk";
			requirement = {
				kind = upToNextMajorVersion;
				minimumVersion = 9.0.0;
			};
		};
/* End XCRemoteSwiftPackageReference section */

/* Begin XCSwiftPackageProductDependency section */
		0CCAF50A297C5D8500F74951 /* FirebaseAuth */ = {
			isa = XCSwiftPackageProductDependency;
			package = 0CCAF509297C5D8500F74951 /* XCRemoteSwiftPackageReference "firebase-ios-sdk" */;
			productName = FirebaseAuth;
		};
		0CCAF50C297C5D8500F74951 /* FirebaseFirestore */ = {
			isa = XCSwiftPackageProductDependency;
			package = 0CCAF509297C5D8500F74951 /* XCRemoteSwiftPackageReference "firebase-ios-sdk" */;
			productName = FirebaseFirestore;
		};
		0CCAF50E297C5D8500F74951 /* FirebaseFirestoreSwift */ = {
			isa = XCSwiftPackageProductDependency;
			package = 0CCAF509297C5D8500F74951 /* XCRemoteSwiftPackageReference "firebase-ios-sdk" */;
			productName = FirebaseFirestoreSwift;
		};
		0CCAF510297C5D8500F74951 /* FirebaseStorage */ = {
			isa = XCSwiftPackageProductDependency;
			package = 0CCAF509297C5D8500F74951 /* XCRemoteSwiftPackageReference "firebase-ios-sdk" */;
			productName = FirebaseStorage;
		};
/* End XCSwiftPackageProductDependency section */
	};
	rootObject = 0C89627A297B1D9D0033D01D /* Project object */;
}
